
Microsoft Visual Studio Solution File, Format Version 12.00
# Visual Studio Version 16
VisualStudioVersion = 16.0.34407.143
MinimumVisualStudioVersion = 10.0.40219.1
Project("{FAE04EC0-301F-11D3-BF4B-00C04F79EFBC}") = "29.02.Formula", "29.02.Formula\29.02.Formula.csproj", "{28FCA956-D882-431E-914D-F0364B47ADA8}"
EndProject
Global
	GlobalSection(SolutionConfigurationPlatforms) = preSolution
		Debug|Any CPU = Debug|Any CPU
		Release|Any CPU = Release|Any CPU
	EndGlobalSection
	GlobalSection(ProjectConfigurationPlatforms) = postSolution
		{28FCA956-D882-431E-914D-F0364B47ADA8}.Debug|Any CPU.ActiveCfg = Debug|Any CPU
		{28FCA956-D882-431E-914D-F0364B47ADA8}.Debug|Any CPU.Build.0 = Debug|Any CPU
		{28FCA956-D882-431E-914D-F0364B47ADA8}.Release|Any CPU.ActiveCfg = Release|Any CPU
		{28FCA956-D882-431E-914D-F0364B47ADA8}.Release|Any CPU.Build.0 = Release|Any CPU
	EndGlobalSection
	GlobalSection(SolutionProperties) = preSolution
		HideSolutionNode = FALSE
	EndGlobalSection
	GlobalSection(ExtensibilityGlobals) = postSolution
		SolutionGuid = {19884D8C-48B2-4A92-AE2E-21B000306DA6}
	EndGlobalSection
EndGlobal
